
Microsoft Visual Studio Solution File, Format Version 12.00
# Visual Studio Version 16
VisualStudioVersion = 16.0.30907.101
MinimumVisualStudioVersion = 10.0.40219.1
Project("{FAE04EC0-301F-11D3-BF4B-00C04F79EFBC}") = "Business", "Business\Business.csproj", "{FEA60217-D081-49AB-BB4C-0514B4053AF9}"
EndProject
Project("{FAE04EC0-301F-11D3-BF4B-00C04F79EFBC}") = "DataAccess", "DataAccess\DataAccess.csproj", "{E319A591-BBE5-4666-AF5B-25A7CA617083}"
EndProject
Project("{FAE04EC0-301F-11D3-BF4B-00C04F79EFBC}") = "Entities", "Entities\Entities.csproj", "{37D39246-9E8B-4129-87E6-70A353F8BF5E}"
EndProject
Project("{FAE04EC0-301F-11D3-BF4B-00C04F79EFBC}") = "ConsoleUI", "ConsoleUI\ConsoleUI.csproj", "{541C4719-BFEA-47BD-AB0A-0500D3ADA1E7}"
EndProject
Global
	GlobalSection(SolutionConfigurationPlatforms) = preSolution
		Debug|Any CPU = Debug|Any CPU
		Release|Any CPU = Release|Any CPU
	EndGlobalSection
	GlobalSection(ProjectConfigurationPlatforms) = postSolution
		{FEA60217-D081-49AB-BB4C-0514B4053AF9}.Debug|Any CPU.ActiveCfg = Debug|Any CPU
		{FEA60217-D081-49AB-BB4C-0514B4053AF9}.Debug|Any CPU.Build.0 = Debug|Any CPU
		{FEA60217-D081-49AB-BB4C-0514B4053AF9}.Release|Any CPU.ActiveCfg = Release|Any CPU
		{FEA60217-D081-49AB-BB4C-0514B4053AF9}.Release|Any CPU.Build.0 = Release|Any CPU
		{E319A591-BBE5-4666-AF5B-25A7CA617083}.Debug|Any CPU.ActiveCfg = Debug|Any CPU
		{E319A591-BBE5-4666-AF5B-25A7CA617083}.Debug|Any CPU.Build.0 = Debug|Any CPU
		{E319A591-BBE5-4666-AF5B-25A7CA617083}.Release|Any CPU.ActiveCfg = Release|Any CPU
		{E319A591-BBE5-4666-AF5B-25A7CA617083}.Release|Any CPU.Build.0 = Release|Any CPU
		{37D39246-9E8B-4129-87E6-70A353F8BF5E}.Debug|Any CPU.ActiveCfg = Debug|Any CPU
		{37D39246-9E8B-4129-87E6-70A353F8BF5E}.Debug|Any CPU.Build.0 = Debug|Any CPU
		{37D39246-9E8B-4129-87E6-70A353F8BF5E}.Release|Any CPU.ActiveCfg = Release|Any CPU
		{37D39246-9E8B-4129-87E6-70A353F8BF5E}.Release|Any CPU.Build.0 = Release|Any CPU
		{541C4719-BFEA-47BD-AB0A-0500D3ADA1E7}.Debug|Any CPU.ActiveCfg = Debug|Any CPU
		{541C4719-BFEA-47BD-AB0A-0500D3ADA1E7}.Debug|Any CPU.Build.0 = Debug|Any CPU
		{541C4719-BFEA-47BD-AB0A-0500D3ADA1E7}.Release|Any CPU.ActiveCfg = Release|Any CPU
		{541C4719-BFEA-47BD-AB0A-0500D3ADA1E7}.Release|Any CPU.Build.0 = Release|Any CPU
	EndGlobalSection
	GlobalSection(SolutionProperties) = preSolution
		HideSolutionNode = FALSE
	EndGlobalSection
	GlobalSection(ExtensibilityGlobals) = postSolution
		SolutionGuid = {9134A082-9716-435A-A66B-DC9C48941294}
	EndGlobalSection
EndGlobal
